// !$*UTF8*$!
{
	archiveVersion = 1;
	classes = {
	};
	objectVersion = 46;
	objects = {

/* Begin PBXBuildFile section */
		75E33DAD14D5C80C00EA5094 /* UIKit.framework in Frameworks */ = {isa = PBXBuildFile; fileRef = 75E33DAC14D5C80C00EA5094 /* UIKit.framework */; };
		75E33DAF14D5C80C00EA5094 /* Foundation.framework in Frameworks */ = {isa = PBXBuildFile; fileRef = 75E33DAE14D5C80C00EA5094 /* Foundation.framework */; };
		75E33DB114D5C80C00EA5094 /* CoreGraphics.framework in Frameworks */ = {isa = PBXBuildFile; fileRef = 75E33DB014D5C80C00EA5094 /* CoreGraphics.framework */; };
		75E33DB714D5C80C00EA5094 /* InfoPlist.strings in Resources */ = {isa = PBXBuildFile; fileRef = 75E33DB514D5C80C00EA5094 /* InfoPlist.strings */; };
		75E33DB914D5C80C00EA5094 /* main.m in Sources */ = {isa = PBXBuildFile; fileRef = 75E33DB814D5C80C00EA5094 /* main.m */; };
		75E33DBD14D5C80C00EA5094 /* OHAppDelegate.m in Sources */ = {isa = PBXBuildFile; fileRef = 75E33DBC14D5C80C00EA5094 /* OHAppDelegate.m */; };
		75E33DC514D5C80C00EA5094 /* SenTestingKit.framework in Frameworks */ = {isa = PBXBuildFile; fileRef = 75E33DC414D5C80C00EA5094 /* SenTestingKit.framework */; };
		75E33DC614D5C80C00EA5094 /* UIKit.framework in Frameworks */ = {isa = PBXBuildFile; fileRef = 75E33DAC14D5C80C00EA5094 /* UIKit.framework */; };
		75E33DC714D5C80C00EA5094 /* Foundation.framework in Frameworks */ = {isa = PBXBuildFile; fileRef = 75E33DAE14D5C80C00EA5094 /* Foundation.framework */; };
		75E33DCF14D5C80D00EA5094 /* InfoPlist.strings in Resources */ = {isa = PBXBuildFile; fileRef = 75E33DCD14D5C80D00EA5094 /* InfoPlist.strings */; };
		75E33DD214D5C80D00EA5094 /* LongLoadingTableTests.m in Sources */ = {isa = PBXBuildFile; fileRef = 75E33DD114D5C80D00EA5094 /* LongLoadingTableTests.m */; };
/* End PBXBuildFile section */

/* Begin PBXContainerItemProxy section */
		75E33DC814D5C80C00EA5094 /* PBXContainerItemProxy */ = {
			isa = PBXContainerItemProxy;
			containerPortal = 75E33D9F14D5C80C00EA5094 /* Project object */;
			proxyType = 1;
			remoteGlobalIDString = 75E33DA714D5C80C00EA5094;
			remoteInfo = LongLoadingTable;
		};
/* End PBXContainerItemProxy section */

/* Begin PBXFileReference section */
		75E33DA814D5C80C00EA5094 /* LongLoadingTable.app */ = {isa = PBXFileReference; explicitFileType = wrapper.application; includeInIndex = 0; path = LongLoadingTable.app; sourceTree = BUILT_PRODUCTS_DIR; };
		75E33DAC14D5C80C00EA5094 /* UIKit.framework */ = {isa = PBXFileReference; lastKnownFileType = wrapper.framework; name = UIKit.framework; path = System/Library/Frameworks/UIKit.framework; sourceTree = SDKROOT; };
		75E33DAE14D5C80C00EA5094 /* Foundation.framework */ = {isa = PBXFileReference; lastKnownFileType = wrapper.framework; name = Foundation.framework; path = System/Library/Frameworks/Foundation.framework; sourceTree = SDKROOT; };
		75E33DB014D5C80C00EA5094 /* CoreGraphics.framework */ = {isa = PBXFileReference; lastKnownFileType = wrapper.framework; name = CoreGraphics.framework; path = System/Library/Frameworks/CoreGraphics.framework; sourceTree = SDKROOT; };
		75E33DB414D5C80C00EA5094 /* LongLoadingTable-Info.plist */ = {isa = PBXFileReference; path = "LongLoadingTable-Info.plist"; sourceTree = "<group>"; };
		75E33DB614D5C80C00EA5094 /* en */ = {isa = PBXFileReference; lastKnownFileType = text.plist.strings; name = en; path = en.lproj/InfoPlist.strings; sourceTree = "<group>"; };
		75E33DB814D5C80C00EA5094 /* main.m */ = {isa = PBXFileReference; lastKnownFileType = sourcecode.c.objc; path = main.m; sourceTree = "<group>"; };
		75E33DBA14D5C80C00EA5094 /* LongLoadingTable-Prefix.pch */ = {isa = PBXFileReference; path = "LongLoadingTable-Prefix.pch"; sourceTree = "<group>"; };
		75E33DBB14D5C80C00EA5094 /* OHAppDelegate.h */ = {isa = PBXFileReference; path = OHAppDelegate.h; sourceTree = "<group>"; };
		75E33DBC14D5C80C00EA5094 /* OHAppDelegate.m */ = {isa = PBXFileReference; lastKnownFileType = sourcecode.c.objc; path = OHAppDelegate.m; sourceTree = "<group>"; };
		75E33DC314D5C80C00EA5094 /* LongLoadingTableTests.octest */ = {isa = PBXFileReference; explicitFileType = wrapper.cfbundle; includeInIndex = 0; path = LongLoadingTableTests.octest; sourceTree = BUILT_PRODUCTS_DIR; };
		75E33DC414D5C80C00EA5094 /* SenTestingKit.framework */ = {isa = PBXFileReference; lastKnownFileType = wrapper.framework; name = SenTestingKit.framework; path = Library/Frameworks/SenTestingKit.framework; sourceTree = DEVELOPER_DIR; };
		75E33DCC14D5C80C00EA5094 /* LongLoadingTableTests-Info.plist */ = {isa = PBXFileReference; path = "LongLoadingTableTests-Info.plist"; sourceTree = "<group>"; };
		75E33DCE14D5C80D00EA5094 /* en */ = {isa = PBXFileReference; lastKnownFileType = text.plist.strings; name = en; path = en.lproj/InfoPlist.strings; sourceTree = "<group>"; };
		75E33DD014D5C80D00EA5094 /* LongLoadingTableTests.h */ = {isa = PBXFileReference; path = LongLoadingTableTests.h; sourceTree = "<group>"; };
		75E33DD114D5C80D00EA5094 /* LongLoadingTableTests.m */ = {isa = PBXFileReference; lastKnownFileType = sourcecode.c.objc; path = LongLoadingTableTests.m; sourceTree = "<group>"; };
/* End PBXFileReference section */

/* Begin PBXFrameworksBuildPhase section */
		75E33DA514D5C80C00EA5094 /* Frameworks */ = {
			isa = PBXFrameworksBuildPhase;
			buildActionMask = 2147483647;
			files = (
				75E33DAD14D5C80C00EA5094 /* UIKit.framework in Frameworks */,
				75E33DAF14D5C80C00EA5094 /* Foundation.framework in Frameworks */,
				75E33DB114D5C80C00EA5094 /* CoreGraphics.framework in Frameworks */,
			);
			runOnlyForDeploymentPostprocessing = 0;
		};
		75E33DBF14D5C80C00EA5094 /* Frameworks */ = {
			isa = PBXFrameworksBuildPhase;
			buildActionMask = 2147483647;
			files = (
				75E33DC514D5C80C00EA5094 /* SenTestingKit.framework in Frameworks */,
				75E33DC614D5C80C00EA5094 /* UIKit.framework in Frameworks */,
				75E33DC714D5C80C00EA5094 /* Foundation.framework in Frameworks */,
			);
			runOnlyForDeploymentPostprocessing = 0;
		};
/* End PBXFrameworksBuildPhase section */

/* Begin PBXGroup section */
		75E33D9D14D5C80C00EA5094 = {
			isa = PBXGroup;
			children = (
				75E33DB214D5C80C00EA5094 /* LongLoadingTable */,
				75E33DCA14D5C80C00EA5094 /* LongLoadingTableTests */,
				75E33DAB14D5C80C00EA5094 /* Frameworks */,
				75E33DA914D5C80C00EA5094 /* Products */,
			);
			sourceTree = "<group>";
		};
		75E33DA914D5C80C00EA5094 /* Products */ = {
			isa = PBXGroup;
			children = (
				75E33DA814D5C80C00EA5094 /* LongLoadingTable.app */,
				75E33DC314D5C80C00EA5094 /* LongLoadingTableTests.octest */,
			);
			name = Products;
			sourceTree = "<group>";
		};
		75E33DAB14D5C80C00EA5094 /* Frameworks */ = {
			isa = PBXGroup;
			children = (
				75E33DAC14D5C80C00EA5094 /* UIKit.framework */,
				75E33DAE14D5C80C00EA5094 /* Foundation.framework */,
				75E33DB014D5C80C00EA5094 /* CoreGraphics.framework */,
				75E33DC414D5C80C00EA5094 /* SenTestingKit.framework */,
			);
			name = Frameworks;
			sourceTree = "<group>";
		};
		75E33DB214D5C80C00EA5094 /* LongLoadingTable */ = {
			isa = PBXGroup;
			children = (
				75E33DBB14D5C80C00EA5094 /* OHAppDelegate.h */,
				75E33DBC14D5C80C00EA5094 /* OHAppDelegate.m */,
				75E33DB314D5C80C00EA5094 /* Supporting Files */,
			);
			path = LongLoadingTable;
			sourceTree = "<group>";
		};
		75E33DB314D5C80C00EA5094 /* Supporting Files */ = {
			isa = PBXGroup;
			children = (
				75E33DB414D5C80C00EA5094 /* LongLoadingTable-Info.plist */,
				75E33DB514D5C80C00EA5094 /* InfoPlist.strings */,
				75E33DB814D5C80C00EA5094 /* main.m */,
				75E33DBA14D5C80C00EA5094 /* LongLoadingTable-Prefix.pch */,
			);
			name = "Supporting Files";
			sourceTree = "<group>";
		};
		75E33DCA14D5C80C00EA5094 /* LongLoadingTableTests */ = {
			isa = PBXGroup;
			children = (
				75E33DD014D5C80D00EA5094 /* LongLoadingTableTests.h */,
				75E33DD114D5C80D00EA5094 /* LongLoadingTableTests.m */,
				75E33DCB14D5C80C00EA5094 /* Supporting Files */,
			);
			path = LongLoadingTableTests;
			sourceTree = "<group>";
		};
		75E33DCB14D5C80C00EA5094 /* Supporting Files */ = {
			isa = PBXGroup;
			children = (
				75E33DCC14D5C80C00EA5094 /* LongLoadingTableTests-Info.plist */,
				75E33DCD14D5C80D00EA5094 /* InfoPlist.strings */,
			);
			name = "Supporting Files";
			sourceTree = "<group>";
		};
/* End PBXGroup section */

/* Begin PBXNativeTarget section */
		75E33DA714D5C80C00EA5094 /* LongLoadingTable */ = {
			isa = PBXNativeTarget;
			buildConfigurationList = 75E33DD514D5C80D00EA5094 /* Build configuration list for PBXNativeTarget "LongLoadingTable" */;
			buildPhases = (
				75E33DA414D5C80C00EA5094 /* Sources */,
				75E33DA514D5C80C00EA5094 /* Frameworks */,
				75E33DA614D5C80C00EA5094 /* Resources */,
			);
			buildRules = (
			);
			dependencies = (
			);
			name = LongLoadingTable;
			productName = LongLoadingTable;
			productReference = 75E33DA814D5C80C00EA5094 /* LongLoadingTable.app */;
			productType = "com.apple.product-type.application";
		};
		75E33DC214D5C80C00EA5094 /* LongLoadingTableTests */ = {
			isa = PBXNativeTarget;
			buildConfigurationList = 75E33DD814D5C80D00EA5094 /* Build configuration list for PBXNativeTarget "LongLoadingTableTests" */;
			buildPhases = (
				75E33DBE14D5C80C00EA5094 /* Sources */,
				75E33DBF14D5C80C00EA5094 /* Frameworks */,
				75E33DC014D5C80C00EA5094 /* Resources */,
				75E33DC114D5C80C00EA5094 /* ShellScript */,
			);
			buildRules = (
			);
			dependencies = (
				75E33DC914D5C80C00EA5094 /* PBXTargetDependency */,
			);
			name = LongLoadingTableTests;
			productName = LongLoadingTableTests;
			productReference = 75E33DC314D5C80C00EA5094 /* LongLoadingTableTests.octest */;
			productType = "com.apple.product-type.bundle";
		};
/* End PBXNativeTarget section */

/* Begin PBXProject section */
		75E33D9F14D5C80C00EA5094 /* Project object */ = {
			isa = PBXProject;
			attributes = {
				LastUpgradeCheck = 0420;
				ORGANIZATIONNAME = Cybercom;
			};
			buildConfigurationList = 75E33DA214D5C80C00EA5094 /* Build configuration list for PBXProject "LongLoadingTable" */;
			compatibilityVersion = "Xcode 3.2";
			developmentRegion = English;
			hasScannedForEncodings = 0;
			knownRegions = (
				en,
			);
			mainGroup = 75E33D9D14D5C80C00EA5094;
			productRefGroup = 75E33DA914D5C80C00EA5094 /* Products */;
			projectDirPath = "";
			projectRoot = "";
			targets = (
				75E33DA714D5C80C00EA5094 /* LongLoadingTable */,
				75E33DC214D5C80C00EA5094 /* LongLoadingTableTests */,
			);
		};
/* End PBXProject section */

/* Begin PBXResourcesBuildPhase section */
		75E33DA614D5C80C00EA5094 /* Resources */ = {
			isa = PBXResourcesBuildPhase;
			buildActionMask = 2147483647;
			files = (
				75E33DB714D5C80C00EA5094 /* InfoPlist.strings in Resources */,
			);
			runOnlyForDeploymentPostprocessing = 0;
		};
		75E33DC014D5C80C00EA5094 /* Resources */ = {
			isa = PBXResourcesBuildPhase;
			buildActionMask = 2147483647;
			files = (
				75E33DCF14D5C80D00EA5094 /* InfoPlist.strings in Resources */,
			);
			runOnlyForDeploymentPostprocessing = 0;
		};
/* End PBXResourcesBuildPhase section */

/* Begin PBXShellScriptBuildPhase section */
		75E33DC114D5C80C00EA5094 /* ShellScript */ = {
			isa = PBXShellScriptBuildPhase;
			buildActionMask = 2147483647;
			files = (
			);
			inputPaths = (
			);
			outputPaths = (
			);
			runOnlyForDeploymentPostprocessing = 0;
			shellPath = /bin/sh;
			shellScript = "# Run the unit tests in this test bundle.\n\"${SYSTEM_DEVELOPER_DIR}/Tools/RunUnitTests\"\n";
		};
/* End PBXShellScriptBuildPhase section */

/* Begin PBXSourcesBuildPhase section */
		75E33DA414D5C80C00EA5094 /* Sources */ = {
			isa = PBXSourcesBuildPhase;
			buildActionMask = 2147483647;
			files = (
				75E33DB914D5C80C00EA5094 /* main.m in Sources */,
				75E33DBD14D5C80C00EA5094 /* OHAppDelegate.m in Sources */,
			);
			runOnlyForDeploymentPostprocessing = 0;
		};
		75E33DBE14D5C80C00EA5094 /* Sources */ = {
			isa = PBXSourcesBuildPhase;
			buildActionMask = 2147483647;
			files = (
				75E33DD214D5C80D00EA5094 /* LongLoadingTableTests.m in Sources */,
			);
			runOnlyForDeploymentPostprocessing = 0;
		};
/* End PBXSourcesBuildPhase section */

/* Begin PBXTargetDependency section */
		75E33DC914D5C80C00EA5094 /* PBXTargetDependency */ = {
			isa = PBXTargetDependency;
			target = 75E33DA714D5C80C00EA5094 /* LongLoadingTable */;
			targetProxy = 75E33DC814D5C80C00EA5094 /* PBXContainerItemProxy */;
		};
/* End PBXTargetDependency section */

/* Begin PBXVariantGroup section */
		75E33DB514D5C80C00EA5094 /* InfoPlist.strings */ = {
			isa = PBXVariantGroup;
			children = (
				75E33DB614D5C80C00EA5094 /* en */,
			);
			name = InfoPlist.strings;
			sourceTree = "<group>";
		};
		75E33DCD14D5C80D00EA5094 /* InfoPlist.strings */ = {
			isa = PBXVariantGroup;
			children = (
				75E33DCE14D5C80D00EA5094 /* en */,
			);
			name = InfoPlist.strings;
			sourceTree = "<group>";
		};
/* End PBXVariantGroup section */

/* Begin XCBuildConfiguration section */
		75E33DD314D5C80D00EA5094 /* Debug */ = {
			isa = XCBuildConfiguration;
			buildSettings = {
				ALWAYS_SEARCH_USER_PATHS = NO;
				ARCHS = "$(ARCHS_STANDARD_32_BIT)";
				"CODE_SIGN_IDENTITY[sdk=iphoneos*]" = "iPhone Developer";
				COPY_PHASE_STRIP = NO;
				GCC_C_LANGUAGE_STANDARD = gnu99;
				GCC_DYNAMIC_NO_PIC = NO;
				GCC_OPTIMIZATION_LEVEL = 0;
				GCC_PREPROCESSOR_DEFINITIONS = (
					"DEBUG=1",
					"$(inherited)",
				);
				GCC_SYMBOLS_PRIVATE_EXTERN = NO;
				GCC_VERSION = com.apple.compilers.llvm.clang.1_0;
				GCC_WARN_ABOUT_MISSING_PROTOTYPES = YES;
				GCC_WARN_ABOUT_RETURN_TYPE = YES;
				GCC_WARN_UNUSED_VARIABLE = YES;
				IPHONEOS_DEPLOYMENT_TARGET = 5.0;
				SDKROOT = iphoneos;
			};
			name = Debug;
		};
		75E33DD414D5C80D00EA5094 /* Release */ = {
			isa = XCBuildConfiguration;
			buildSettings = {
				ALWAYS_SEARCH_USER_PATHS = NO;
				ARCHS = "$(ARCHS_STANDARD_32_BIT)";
				"CODE_SIGN_IDENTITY[sdk=iphoneos*]" = "iPhone Developer";
				COPY_PHASE_STRIP = YES;
				GCC_C_LANGUAGE_STANDARD = gnu99;
				GCC_VERSION = com.apple.compilers.llvm.clang.1_0;
				GCC_WARN_ABOUT_MISSING_PROTOTYPES = YES;
				GCC_WARN_ABOUT_RETURN_TYPE = YES;
				GCC_WARN_UNUSED_VARIABLE = YES;
				IPHONEOS_DEPLOYMENT_TARGET = 5.0;
				OTHER_CFLAGS = "-DNS_BLOCK_ASSERTIONS=1";
				SDKROOT = iphoneos;
				VALIDATE_PRODUCT = YES;
			};
			name = Release;
		};
		75E33DD614D5C80D00EA5094 /* Debug */ = {
			isa = XCBuildConfiguration;
			buildSettings = {
				GCC_PRECOMPILE_PREFIX_HEADER = YES;
				GCC_PREFIX_HEADER = "LongLoadingTable/LongLoadingTable-Prefix.pch";
				INFOPLIST_FILE = "LongLoadingTable/LongLoadingTable-Info.plist";
				PRODUCT_NAME = "$(TARGET_NAME)";
				WRAPPER_EXTENSION = app;
			};
			name = Debug;
		};
		75E33DD714D5C80D00EA5094 /* Release */ = {
			isa = XCBuildConfiguration;
			buildSettings = {
				GCC_PRECOMPILE_PREFIX_HEADER = YES;
				GCC_PREFIX_HEADER = "LongLoadingTable/LongLoadingTable-Prefix.pch";
				INFOPLIST_FILE = "LongLoadingTable/LongLoadingTable-Info.plist";
				PRODUCT_NAME = "$(TARGET_NAME)";
				WRAPPER_EXTENSION = app;
			};
			name = Release;
		};
		75E33DD914D5C80D00EA5094 /* Debug */ = {
			isa = XCBuildConfiguration;
			buildSettings = {
				BUNDLE_LOADER = "$(BUILT_PRODUCTS_DIR)/LongLoadingTable.app/LongLoadingTable";
				FRAMEWORK_SEARCH_PATHS = (
					"$(SDKROOT)/Developer/Library/Frameworks",
					"$(DEVELOPER_LIBRARY_DIR)/Frameworks",
				);
				GCC_PRECOMPILE_PREFIX_HEADER = YES;
				GCC_PREFIX_HEADER = "LongLoadingTable/LongLoadingTable-Prefix.pch";
				INFOPLIST_FILE = "LongLoadingTableTests/LongLoadingTableTests-Info.plist";
				PRODUCT_NAME = "$(TARGET_NAME)";
				TEST_HOST = "$(BUNDLE_LOADER)";
				WRAPPER_EXTENSION = octest;
			};
			name = Debug;
		};
		75E33DDA14D5C80D00EA5094 /* Release */ = {
			isa = XCBuildConfiguration;
			buildSettings = {
				BUNDLE_LOADER = "$(BUILT_PRODUCTS_DIR)/LongLoadingTable.app/LongLoadingTable";
				FRAMEWORK_SEARCH_PATHS = (
					"$(SDKROOT)/Developer/Library/Frameworks",
					"$(DEVELOPER_LIBRARY_DIR)/Frameworks",
				);
				GCC_PRECOMPILE_PREFIX_HEADER = YES;
				GCC_PREFIX_HEADER = "LongLoadingTable/LongLoadingTable-Prefix.pch";
				INFOPLIST_FILE = "LongLoadingTableTests/LongLoadingTableTests-Info.plist";
				PRODUCT_NAME = "$(TARGET_NAME)";
				TEST_HOST = "$(BUNDLE_LOADER)";
				WRAPPER_EXTENSION = octest;
			};
			name = Release;
		};
/* End XCBuildConfiguration section */

/* Begin XCConfigurationList section */
		75E33DA214D5C80C00EA5094 /* Build configuration list for PBXProject "LongLoadingTable" */ = {
			isa = XCConfigurationList;
			buildConfigurations = (
				75E33DD314D5C80D00EA5094 /* Debug */,
				75E33DD414D5C80D00EA5094 /* Release */,
			);
			defaultConfigurationIsVisible = 0;
			defaultConfigurationName = Release;
		};
		75E33DD514D5C80D00EA5094 /* Build configuration list for PBXNativeTarget "LongLoadingTable" */ = {
			isa = XCConfigurationList;
			buildConfigurations = (
				75E33DD614D5C80D00EA5094 /* Debug */,
				75E33DD714D5C80D00EA5094 /* Release */,
			);
			defaultConfigurationIsVisible = 0;
		};
		75E33DD814D5C80D00EA5094 /* Build configuration list for PBXNativeTarget "LongLoadingTableTests" */ = {
			isa = XCConfigurationList;
			buildConfigurations = (
				75E33DD914D5C80D00EA5094 /* Debug */,
				75E33DDA14D5C80D00EA5094 /* Release */,
			);
			defaultConfigurationIsVisible = 0;
		};
/* End XCConfigurationList section */
	};
	rootObject = 75E33D9F14D5C80C00EA5094 /* Project object */;
}
